
Microsoft Visual Studio Solution File, Format Version 12.00
# Visual Studio Version 17
VisualStudioVersion = 17.5.33530.505
MinimumVisualStudioVersion = 10.0.40219.1
Project("{FAE04EC0-301F-11D3-BF4B-00C04F79EFBC}") = "Projekt", "Projekt.csproj", "{29E1B756-FCEF-4C3F-8EF5-D6C0C419FEE8}"
EndProject
Global
	GlobalSection(SolutionConfigurationPlatforms) = preSolution
		Debug|Any CPU = Debug|Any CPU
		Release|Any CPU = Release|Any CPU
	EndGlobalSection
	GlobalSection(ProjectConfigurationPlatforms) = postSolution
		{29E1B756-FCEF-4C3F-8EF5-D6C0C419FEE8}.Debug|Any CPU.ActiveCfg = Debug|Any CPU
		{29E1B756-FCEF-4C3F-8EF5-D6C0C419FEE8}.Debug|Any CPU.Build.0 = Debug|Any CPU
		{29E1B756-FCEF-4C3F-8EF5-D6C0C419FEE8}.Release|Any CPU.ActiveCfg = Release|Any CPU
		{29E1B756-FCEF-4C3F-8EF5-D6C0C419FEE8}.Release|Any CPU.Build.0 = Release|Any CPU
	EndGlobalSection
	GlobalSection(SolutionProperties) = preSolution
		HideSolutionNode = FALSE
	EndGlobalSection
	GlobalSection(ExtensibilityGlobals) = postSolution
		SolutionGuid = {9678D3A4-F4E4-4104-9CA8-C7B30E54163D}
	EndGlobalSection
EndGlobal
